
Microsoft Visual Studio Solution File, Format Version 12.00
# Visual Studio 14
VisualStudioVersion = 14.0.24720.0
MinimumVisualStudioVersion = 10.0.40219.1
Project("{FAE04EC0-301F-11D3-BF4B-00C04F79EFBC}") = "AirlineReservationApp", "MysqlLogin\AirlineReservationApp.csproj", "{26A1A2B2-8888-46A1-8924-5B0CF88F1DD6}"
EndProject
Project("{FAE04EC0-301F-11D3-BF4B-00C04F79EFBC}") = "AirlineReservationApp.Tests", "AirlineReservationApp.Tests\AirlineReservationApp.Tests.csproj", "{0BFE4561-B324-4994-B655-8AB87324840C}"
EndProject
Global
	GlobalSection(SolutionConfigurationPlatforms) = preSolution
		Debug|Any CPU = Debug|Any CPU
		Release|Any CPU = Release|Any CPU
	EndGlobalSection
	GlobalSection(ProjectConfigurationPlatforms) = postSolution
		{26A1A2B2-8888-46A1-8924-5B0CF88F1DD6}.Debug|Any CPU.ActiveCfg = Debug|Any CPU
		{26A1A2B2-8888-46A1-8924-5B0CF88F1DD6}.Debug|Any CPU.Build.0 = Debug|Any CPU
		{26A1A2B2-8888-46A1-8924-5B0CF88F1DD6}.Release|Any CPU.ActiveCfg = Release|Any CPU
		{26A1A2B2-8888-46A1-8924-5B0CF88F1DD6}.Release|Any CPU.Build.0 = Release|Any CPU
		{0BFE4561-B324-4994-B655-8AB87324840C}.Debug|Any CPU.ActiveCfg = Debug|Any CPU
		{0BFE4561-B324-4994-B655-8AB87324840C}.Debug|Any CPU.Build.0 = Debug|Any CPU
		{0BFE4561-B324-4994-B655-8AB87324840C}.Release|Any CPU.ActiveCfg = Release|Any CPU
		{0BFE4561-B324-4994-B655-8AB87324840C}.Release|Any CPU.Build.0 = Release|Any CPU
	EndGlobalSection
	GlobalSection(SolutionProperties) = preSolution
		HideSolutionNode = FALSE
	EndGlobalSection
EndGlobal
